
Microsoft Visual Studio Solution File, Format Version 12.00
# Visual Studio 14
VisualStudioVersion = 14.0.25420.1
MinimumVisualStudioVersion = 10.0.40219.1
Project("{FAE04EC0-301F-11D3-BF4B-00C04F79EFBC}") = "OrganicPt", "OrganicPt\OrganicPt.csproj", "{9DF52D06-DC2C-4A42-8234-F71F8F72A310}"
EndProject
Project("{FAE04EC0-301F-11D3-BF4B-00C04F79EFBC}") = "OrganicPt.Test", "OrganicPt.Test\OrganicPt.Test.csproj", "{A18DB2FE-6186-4393-8B85-5F8113C4064F}"
EndProject
Project("{FAE04EC0-301F-11D3-BF4B-00C04F79EFBC}") = "OrganicPt.FunctionalTest", "OrganicPt.FunctionalTest\OrganicPt.FunctionalTest.csproj", "{440A8DED-F34B-4F94-B8AD-E482F6FFE45F}"
EndProject
Global
	GlobalSection(SolutionConfigurationPlatforms) = preSolution
		Debug|Any CPU = Debug|Any CPU
		Release|Any CPU = Release|Any CPU
	EndGlobalSection
	GlobalSection(ProjectConfigurationPlatforms) = postSolution
		{9DF52D06-DC2C-4A42-8234-F71F8F72A310}.Debug|Any CPU.ActiveCfg = Debug|Any CPU
		{9DF52D06-DC2C-4A42-8234-F71F8F72A310}.Debug|Any CPU.Build.0 = Debug|Any CPU
		{9DF52D06-DC2C-4A42-8234-F71F8F72A310}.Release|Any CPU.ActiveCfg = Release|Any CPU
		{9DF52D06-DC2C-4A42-8234-F71F8F72A310}.Release|Any CPU.Build.0 = Release|Any CPU
		{A18DB2FE-6186-4393-8B85-5F8113C4064F}.Debug|Any CPU.ActiveCfg = Debug|Any CPU
		{A18DB2FE-6186-4393-8B85-5F8113C4064F}.Debug|Any CPU.Build.0 = Debug|Any CPU
		{A18DB2FE-6186-4393-8B85-5F8113C4064F}.Release|Any CPU.ActiveCfg = Release|Any CPU
		{A18DB2FE-6186-4393-8B85-5F8113C4064F}.Release|Any CPU.Build.0 = Release|Any CPU
		{440A8DED-F34B-4F94-B8AD-E482F6FFE45F}.Debug|Any CPU.ActiveCfg = Debug|Any CPU
		{440A8DED-F34B-4F94-B8AD-E482F6FFE45F}.Debug|Any CPU.Build.0 = Debug|Any CPU
		{440A8DED-F34B-4F94-B8AD-E482F6FFE45F}.Release|Any CPU.ActiveCfg = Release|Any CPU
		{440A8DED-F34B-4F94-B8AD-E482F6FFE45F}.Release|Any CPU.Build.0 = Release|Any CPU
	EndGlobalSection
	GlobalSection(SolutionProperties) = preSolution
		HideSolutionNode = FALSE
	EndGlobalSection
EndGlobal
